// !$*UTF8*$!
{
	archiveVersion = 1;
	classes = {
	};
	objectVersion = 56;
	objects = {

/* Begin PBXBuildFile section */
		4D2F729929D7388C000D40F5 /* PageViewController.swift in Sources */ = {isa = PBXBuildFile; fileRef = 4D2F729829D7388C000D40F5 /* PageViewController.swift */; };
		4D2F729B29D73A2F000D40F5 /* LoginPage.swift in Sources */ = {isa = PBXBuildFile; fileRef = 4D2F729A29D73A2F000D40F5 /* LoginPage.swift */; };
		4D2F729D29D741A7000D40F5 /* AuthView.swift in Sources */ = {isa = PBXBuildFile; fileRef = 4D2F729C29D741A7000D40F5 /* AuthView.swift */; };
		4DE1F44229D6427200C8DDF6 /* lock_pickrApp.swift in Sources */ = {isa = PBXBuildFile; fileRef = 4DE1F44129D6427200C8DDF6 /* lock_pickrApp.swift */; };
		4DE1F44429D6427200C8DDF6 /* ContentView.swift in Sources */ = {isa = PBXBuildFile; fileRef = 4DE1F44329D6427200C8DDF6 /* ContentView.swift */; };
		4DE1F44629D6427300C8DDF6 /* Assets.xcassets in Resources */ = {isa = PBXBuildFile; fileRef = 4DE1F44529D6427300C8DDF6 /* Assets.xcassets */; };
		4DE1F44929D6427300C8DDF6 /* Preview Assets.xcassets in Resources */ = {isa = PBXBuildFile; fileRef = 4DE1F44829D6427300C8DDF6 /* Preview Assets.xcassets */; };
		4DE1F45129D6476400C8DDF6 /* SignUpPage.swift in Sources */ = {isa = PBXBuildFile; fileRef = 4DE1F45029D6476400C8DDF6 /* SignUpPage.swift */; };
/* End PBXBuildFile section */

/* Begin PBXFileReference section */
		4D2F729829D7388C000D40F5 /* PageViewController.swift */ = {isa = PBXFileReference; lastKnownFileType = sourcecode.swift; path = PageViewController.swift; sourceTree = "<group>"; };
		4D2F729A29D73A2F000D40F5 /* LoginPage.swift */ = {isa = PBXFileReference; lastKnownFileType = sourcecode.swift; path = LoginPage.swift; sourceTree = "<group>"; };
		4D2F729C29D741A7000D40F5 /* AuthView.swift */ = {isa = PBXFileReference; lastKnownFileType = sourcecode.swift; path = AuthView.swift; sourceTree = "<group>"; };
		4DE1F43E29D6427200C8DDF6 /* lock-pickr.app */ = {isa = PBXFileReference; explicitFileType = wrapper.application; includeInIndex = 0; path = "lock-pickr.app"; sourceTree = BUILT_PRODUCTS_DIR; };
		4DE1F44129D6427200C8DDF6 /* lock_pickrApp.swift */ = {isa = PBXFileReference; lastKnownFileType = sourcecode.swift; path = lock_pickrApp.swift; sourceTree = "<group>"; };
		4DE1F44329D6427200C8DDF6 /* ContentView.swift */ = {isa = PBXFileReference; lastKnownFileType = sourcecode.swift; path = ContentView.swift; sourceTree = "<group>"; };
		4DE1F44529D6427300C8DDF6 /* Assets.xcassets */ = {isa = PBXFileReference; lastKnownFileType = folder.assetcatalog; path = Assets.xcassets; sourceTree = "<group>"; };
		4DE1F44829D6427300C8DDF6 /* Preview Assets.xcassets */ = {isa = PBXFileReference; lastKnownFileType = folder.assetcatalog; path = "Preview Assets.xcassets"; sourceTree = "<group>"; };
		4DE1F45029D6476400C8DDF6 /* SignUpPage.swift */ = {isa = PBXFileReference; lastKnownFileType = sourcecode.swift; path = SignUpPage.swift; sourceTree = "<group>"; };
/* End PBXFileReference section */

/* Begin PBXFrameworksBuildPhase section */
		4DE1F43B29D6427200C8DDF6 /* Frameworks */ = {
			isa = PBXFrameworksBuildPhase;
			buildActionMask = 2147483647;
			files = (
			);
			runOnlyForDeploymentPostprocessing = 0;
		};
/* End PBXFrameworksBuildPhase section */

/* Begin PBXGroup section */
		4DE1F43529D6427200C8DDF6 = {
			isa = PBXGroup;
			children = (
				4DE1F44029D6427200C8DDF6 /* lock-pickr */,
				4DE1F43F29D6427200C8DDF6 /* Products */,
			);
			sourceTree = "<group>";
		};
		4DE1F43F29D6427200C8DDF6 /* Products */ = {
			isa = PBXGroup;
			children = (
				4DE1F43E29D6427200C8DDF6 /* lock-pickr.app */,
			);
			name = Products;
			sourceTree = "<group>";
		};
		4DE1F44029D6427200C8DDF6 /* lock-pickr */ = {
			isa = PBXGroup;
			children = (
				4DE1F44129D6427200C8DDF6 /* lock_pickrApp.swift */,
				4D2F729829D7388C000D40F5 /* PageViewController.swift */,
				4DE1F44F29D6472D00C8DDF6 /* Views */,
				4DE1F44329D6427200C8DDF6 /* ContentView.swift */,
				4DE1F44529D6427300C8DDF6 /* Assets.xcassets */,
				4DE1F44729D6427300C8DDF6 /* Preview Content */,
			);
			path = "lock-pickr";
			sourceTree = "<group>";
		};
		4DE1F44729D6427300C8DDF6 /* Preview Content */ = {
			isa = PBXGroup;
			children = (
				4DE1F44829D6427300C8DDF6 /* Preview Assets.xcassets */,
			);
			path = "Preview Content";
			sourceTree = "<group>";
		};
		4DE1F44F29D6472D00C8DDF6 /* Views */ = {
			isa = PBXGroup;
			children = (
				4DE1F45029D6476400C8DDF6 /* SignUpPage.swift */,
				4D2F729A29D73A2F000D40F5 /* LoginPage.swift */,
				4D2F729C29D741A7000D40F5 /* AuthView.swift */,
			);
			path = Views;
			sourceTree = "<group>";
		};
/* End PBXGroup section */

/* Begin PBXNativeTarget section */
		4DE1F43D29D6427200C8DDF6 /* lock-pickr */ = {
			isa = PBXNativeTarget;
			buildConfigurationList = 4DE1F44C29D6427300C8DDF6 /* Build configuration list for PBXNativeTarget "lock-pickr" */;
			buildPhases = (
				4DE1F43A29D6427200C8DDF6 /* Sources */,
				4DE1F43B29D6427200C8DDF6 /* Frameworks */,
				4DE1F43C29D6427200C8DDF6 /* Resources */,
			);
			buildRules = (
			);
			dependencies = (
			);
			name = "lock-pickr";
			productName = "lock-pickr";
			productReference = 4DE1F43E29D6427200C8DDF6 /* lock-pickr.app */;
			productType = "com.apple.product-type.application";
		};
/* End PBXNativeTarget section */

/* Begin PBXProject section */
		4DE1F43629D6427200C8DDF6 /* Project object */ = {
			isa = PBXProject;
			attributes = {
				BuildIndependentTargetsInParallel = 1;
				LastSwiftUpdateCheck = 1420;
				LastUpgradeCheck = 1420;
				TargetAttributes = {
					4DE1F43D29D6427200C8DDF6 = {
						CreatedOnToolsVersion = 14.2;
					};
				};
			};
			buildConfigurationList = 4DE1F43929D6427200C8DDF6 /* Build configuration list for PBXProject "lock-pickr" */;
			compatibilityVersion = "Xcode 14.0";
			developmentRegion = en;
			hasScannedForEncodings = 0;
			knownRegions = (
				en,
				Base,
			);
			mainGroup = 4DE1F43529D6427200C8DDF6;
			productRefGroup = 4DE1F43F29D6427200C8DDF6 /* Products */;
			projectDirPath = "";
			projectRoot = "";
			targets = (
				4DE1F43D29D6427200C8DDF6 /* lock-pickr */,
			);
		};
/* End PBXProject section */

/* Begin PBXResourcesBuildPhase section */
		4DE1F43C29D6427200C8DDF6 /* Resources */ = {
			isa = PBXResourcesBuildPhase;
			buildActionMask = 2147483647;
			files = (
				4DE1F44929D6427300C8DDF6 /* Preview Assets.xcassets in Resources */,
				4DE1F44629D6427300C8DDF6 /* Assets.xcassets in Resources */,
			);
			runOnlyForDeploymentPostprocessing = 0;
		};
/* End PBXResourcesBuildPhase section */

/* Begin PBXSourcesBuildPhase section */
		4DE1F43A29D6427200C8DDF6 /* Sources */ = {
			isa = PBXSourcesBuildPhase;
			buildActionMask = 2147483647;
			files = (
				4DE1F45129D6476400C8DDF6 /* SignUpPage.swift in Sources */,
				4DE1F44429D6427200C8DDF6 /* ContentView.swift in Sources */,
				4D2F729D29D741A7000D40F5 /* AuthView.swift in Sources */,
				4DE1F44229D6427200C8DDF6 /* lock_pickrApp.swift in Sources */,
				4D2F729B29D73A2F000D40F5 /* LoginPage.swift in Sources */,
				4D2F729929D7388C000D40F5 /* PageViewController.swift in Sources */,
			);
			runOnlyForDeploymentPostprocessing = 0;
		};
/* End PBXSourcesBuildPhase section */

/* Begin XCBuildConfiguration section */
		4DE1F44A29D6427300C8DDF6 /* Debug */ = {
			isa = XCBuildConfiguration;
			buildSettings = {
				ALWAYS_SEARCH_USER_PATHS = NO;
				CLANG_ANALYZER_NONNULL = YES;
				CLANG_ANALYZER_NUMBER_OBJECT_CONVERSION = YES_AGGRESSIVE;
				CLANG_CXX_LANGUAGE_STANDARD = "gnu++20";
				CLANG_ENABLE_MODULES = YES;
				CLANG_ENABLE_OBJC_ARC = YES;
				CLANG_ENABLE_OBJC_WEAK = YES;
				CLANG_WARN_BLOCK_CAPTURE_AUTORELEASING = YES;
				CLANG_WARN_BOOL_CONVERSION = YES;
				CLANG_WARN_COMMA = YES;
				CLANG_WARN_CONSTANT_CONVERSION = YES;
				CLANG_WARN_DEPRECATED_OBJC_IMPLEMENTATIONS = YES;
				CLANG_WARN_DIRECT_OBJC_ISA_USAGE = YES_ERROR;
				CLANG_WARN_DOCUMENTATION_COMMENTS = YES;
				CLANG_WARN_EMPTY_BODY = YES;
				CLANG_WARN_ENUM_CONVERSION = YES;
				CLANG_WARN_INFINITE_RECURSION = YES;
				CLANG_WARN_INT_CONVERSION = YES;
				CLANG_WARN_NON_LITERAL_NULL_CONVERSION = YES;
				CLANG_WARN_OBJC_IMPLICIT_RETAIN_SELF = YES;
				CLANG_WARN_OBJC_LITERAL_CONVERSION = YES;
				CLANG_WARN_OBJC_ROOT_CLASS = YES_ERROR;
				CLANG_WARN_QUOTED_INCLUDE_IN_FRAMEWORK_HEADER = YES;
				CLANG_WARN_RANGE_LOOP_ANALYSIS = YES;
				CLANG_WARN_STRICT_PROTOTYPES = YES;
				CLANG_WARN_SUSPICIOUS_MOVE = YES;
				CLANG_WARN_UNGUARDED_AVAILABILITY = YES_AGGRESSIVE;
				CLANG_WARN_UNREACHABLE_CODE = YES;
				CLANG_WARN__DUPLICATE_METHOD_MATCH = YES;
				COPY_PHASE_STRIP = NO;
				DEBUG_INFORMATION_FORMAT = dwarf;
				ENABLE_STRICT_OBJC_MSGSEND = YES;
				ENABLE_TESTABILITY = YES;
				GCC_C_LANGUAGE_STANDARD = gnu11;
				GCC_DYNAMIC_NO_PIC = NO;
				GCC_NO_COMMON_BLOCKS = YES;
				GCC_OPTIMIZATION_LEVEL = 0;
				GCC_PREPROCESSOR_DEFINITIONS = (
					"DEBUG=1",
					"$(inherited)",
				);
				GCC_WARN_64_TO_32_BIT_CONVERSION = YES;
				GCC_WARN_ABOUT_RETURN_TYPE = YES_ERROR;
				GCC_WARN_UNDECLARED_SELECTOR = YES;
				GCC_WARN_UNINITIALIZED_AUTOS = YES_AGGRESSIVE;
				GCC_WARN_UNUSED_FUNCTION = YES;
				GCC_WARN_UNUSED_VARIABLE = YES;
				IPHONEOS_DEPLOYMENT_TARGET = 16.2;
				MTL_ENABLE_DEBUG_INFO = INCLUDE_SOURCE;
				MTL_FAST_MATH = YES;
				ONLY_ACTIVE_ARCH = YES;
				SDKROOT = iphoneos;
				SWIFT_ACTIVE_COMPILATION_CONDITIONS = DEBUG;
				SWIFT_OPTIMIZATION_LEVEL = "-Onone";
			};
			name = Debug;
		};
		4DE1F44B29D6427300C8DDF6 /* Release */ = {
			isa = XCBuildConfiguration;
			buildSettings = {
				ALWAYS_SEARCH_USER_PATHS = NO;
				CLANG_ANALYZER_NONNULL = YES;
				CLANG_ANALYZER_NUMBER_OBJECT_CONVERSION = YES_AGGRESSIVE;
				CLANG_CXX_LANGUAGE_STANDARD = "gnu++20";
				CLANG_ENABLE_MODULES = YES;
				CLANG_ENABLE_OBJC_ARC = YES;
				CLANG_ENABLE_OBJC_WEAK = YES;
				CLANG_WARN_BLOCK_CAPTURE_AUTORELEASING = YES;
				CLANG_WARN_BOOL_CONVERSION = YES;
				CLANG_WARN_COMMA = YES;
				CLANG_WARN_CONSTANT_CONVERSION = YES;
				CLANG_WARN_DEPRECATED_OBJC_IMPLEMENTATIONS = YES;
				CLANG_WARN_DIRECT_OBJC_ISA_USAGE = YES_ERROR;
				CLANG_WARN_DOCUMENTATION_COMMENTS = YES;
				CLANG_WARN_EMPTY_BODY = YES;
				CLANG_WARN_ENUM_CONVERSION = YES;
				CLANG_WARN_INFINITE_RECURSION = YES;
				CLANG_WARN_INT_CONVERSION = YES;
				CLANG_WARN_NON_LITERAL_NULL_CONVERSION = YES;
				CLANG_WARN_OBJC_IMPLICIT_RETAIN_SELF = YES;
				CLANG_WARN_OBJC_LITERAL_CONVERSION = YES;
				CLANG_WARN_OBJC_ROOT_CLASS = YES_ERROR;
				CLANG_WARN_QUOTED_INCLUDE_IN_FRAMEWORK_HEADER = YES;
				CLANG_WARN_RANGE_LOOP_ANALYSIS = YES;
				CLANG_WARN_STRICT_PROTOTYPES = YES;
				CLANG_WARN_SUSPICIOUS_MOVE = YES;
				CLANG_WARN_UNGUARDED_AVAILABILITY = YES_AGGRESSIVE;
				CLANG_WARN_UNREACHABLE_CODE = YES;
				CLANG_WARN__DUPLICATE_METHOD_MATCH = YES;
				COPY_PHASE_STRIP = NO;
				DEBUG_INFORMATION_FORMAT = "dwarf-with-dsym";
				ENABLE_NS_ASSERTIONS = NO;
				ENABLE_STRICT_OBJC_MSGSEND = YES;
				GCC_C_LANGUAGE_STANDARD = gnu11;
				GCC_NO_COMMON_BLOCKS = YES;
				GCC_WARN_64_TO_32_BIT_CONVERSION = YES;
				GCC_WARN_ABOUT_RETURN_TYPE = YES_ERROR;
				GCC_WARN_UNDECLARED_SELECTOR = YES;
				GCC_WARN_UNINITIALIZED_AUTOS = YES_AGGRESSIVE;
				GCC_WARN_UNUSED_FUNCTION = YES;
				GCC_WARN_UNUSED_VARIABLE = YES;
				IPHONEOS_DEPLOYMENT_TARGET = 16.2;
				MTL_ENABLE_DEBUG_INFO = NO;
				MTL_FAST_MATH = YES;
				SDKROOT = iphoneos;
				SWIFT_COMPILATION_MODE = wholemodule;
				SWIFT_OPTIMIZATION_LEVEL = "-O";
				VALIDATE_PRODUCT = YES;
			};
			name = Release;
		};
		4DE1F44D29D6427300C8DDF6 /* Debug */ = {
			isa = XCBuildConfiguration;
			buildSettings = {
				ASSETCATALOG_COMPILER_APPICON_NAME = AppIcon;
				ASSETCATALOG_COMPILER_GLOBAL_ACCENT_COLOR_NAME = AccentColor;
				CODE_SIGN_STYLE = Automatic;
				CURRENT_PROJECT_VERSION = 1;
				DEVELOPMENT_ASSET_PATHS = "\"lock-pickr/Preview Content\"";
				ENABLE_PREVIEWS = YES;
				GENERATE_INFOPLIST_FILE = YES;
				INFOPLIST_KEY_UIApplicationSceneManifest_Generation = YES;
				INFOPLIST_KEY_UIApplicationSupportsIndirectInputEvents = YES;
				INFOPLIST_KEY_UILaunchScreen_Generation = YES;
				INFOPLIST_KEY_UISupportedInterfaceOrientations_iPad = "UIInterfaceOrientationPortrait UIInterfaceOrientationPortraitUpsideDown UIInterfaceOrientationLandscapeLeft UIInterfaceOrientationLandscapeRight";
				INFOPLIST_KEY_UISupportedInterfaceOrientations_iPhone = "UIInterfaceOrientationPortrait UIInterfaceOrientationLandscapeLeft UIInterfaceOrientationLandscapeRight";
				LD_RUNPATH_SEARCH_PATHS = (
					"$(inherited)",
					"@executable_path/Frameworks",
				);
				MARKETING_VERSION = 1.0;
				PRODUCT_BUNDLE_IDENTIFIER = "com.CN-Development.lock-pickr";
				PRODUCT_NAME = "$(TARGET_NAME)";
				SWIFT_EMIT_LOC_STRINGS = YES;
				SWIFT_VERSION = 5.0;
				TARGETED_DEVICE_FAMILY = "1,2";
			};
			name = Debug;
		};
		4DE1F44E29D6427300C8DDF6 /* Release */ = {
			isa = XCBuildConfiguration;
			buildSettings = {
				ASSETCATALOG_COMPILER_APPICON_NAME = AppIcon;
				ASSETCATALOG_COMPILER_GLOBAL_ACCENT_COLOR_NAME = AccentColor;
				CODE_SIGN_STYLE = Automatic;
				CURRENT_PROJECT_VERSION = 1;
				DEVELOPMENT_ASSET_PATHS = "\"lock-pickr/Preview Content\"";
				ENABLE_PREVIEWS = YES;
				GENERATE_INFOPLIST_FILE = YES;
				INFOPLIST_KEY_UIApplicationSceneManifest_Generation = YES;
				INFOPLIST_KEY_UIApplicationSupportsIndirectInputEvents = YES;
				INFOPLIST_KEY_UILaunchScreen_Generation = YES;
				INFOPLIST_KEY_UISupportedInterfaceOrientations_iPad = "UIInterfaceOrientationPortrait UIInterfaceOrientationPortraitUpsideDown UIInterfaceOrientationLandscapeLeft UIInterfaceOrientationLandscapeRight";
				INFOPLIST_KEY_UISupportedInterfaceOrientations_iPhone = "UIInterfaceOrientationPortrait UIInterfaceOrientationLandscapeLeft UIInterfaceOrientationLandscapeRight";
				LD_RUNPATH_SEARCH_PATHS = (
					"$(inherited)",
					"@executable_path/Frameworks",
				);
				MARKETING_VERSION = 1.0;
				PRODUCT_BUNDLE_IDENTIFIER = "com.CN-Development.lock-pickr";
				PRODUCT_NAME = "$(TARGET_NAME)";
				SWIFT_EMIT_LOC_STRINGS = YES;
				SWIFT_VERSION = 5.0;
				TARGETED_DEVICE_FAMILY = "1,2";
			};
			name = Release;
		};
/* End XCBuildConfiguration section */

/* Begin XCConfigurationList section */
		4DE1F43929D6427200C8DDF6 /* Build configuration list for PBXProject "lock-pickr" */ = {
			isa = XCConfigurationList;
			buildConfigurations = (
				4DE1F44A29D6427300C8DDF6 /* Debug */,
				4DE1F44B29D6427300C8DDF6 /* Release */,
			);
			defaultConfigurationIsVisible = 0;
			defaultConfigurationName = Release;
		};
		4DE1F44C29D6427300C8DDF6 /* Build configuration list for PBXNativeTarget "lock-pickr" */ = {
			isa = XCConfigurationList;
			buildConfigurations = (
				4DE1F44D29D6427300C8DDF6 /* Debug */,
				4DE1F44E29D6427300C8DDF6 /* Release */,
			);
			defaultConfigurationIsVisible = 0;
			defaultConfigurationName = Release;
		};
/* End XCConfigurationList section */
	};
	rootObject = 4DE1F43629D6427200C8DDF6 /* Project object */;
}
